
Microsoft Visual Studio Solution File, Format Version 12.00
# Visual Studio Version 16
VisualStudioVersion = 16.0.32228.343
MinimumVisualStudioVersion = 10.0.40219.1
Project("{FAE04EC0-301F-11D3-BF4B-00C04F79EFBC}") = "Lab02-01", "Lab02-01.csproj", "{095B9DD3-D77F-4F08-BFDA-E9D959D1D53B}"
EndProject
Global
	GlobalSection(SolutionConfigurationPlatforms) = preSolution
		Debug|Any CPU = Debug|Any CPU
		Release|Any CPU = Release|Any CPU
	EndGlobalSection
	GlobalSection(ProjectConfigurationPlatforms) = postSolution
		{095B9DD3-D77F-4F08-BFDA-E9D959D1D53B}.Debug|Any CPU.ActiveCfg = Debug|Any CPU
		{095B9DD3-D77F-4F08-BFDA-E9D959D1D53B}.Debug|Any CPU.Build.0 = Debug|Any CPU
		{095B9DD3-D77F-4F08-BFDA-E9D959D1D53B}.Release|Any CPU.ActiveCfg = Release|Any CPU
		{095B9DD3-D77F-4F08-BFDA-E9D959D1D53B}.Release|Any CPU.Build.0 = Release|Any CPU
	EndGlobalSection
	GlobalSection(SolutionProperties) = preSolution
		HideSolutionNode = FALSE
	EndGlobalSection
	GlobalSection(ExtensibilityGlobals) = postSolution
		SolutionGuid = {CA1551D9-F97C-4B87-A156-76AC98F19BF3}
	EndGlobalSection
EndGlobal
